// !$*UTF8*$!
{
	archiveVersion = 1;
	classes = {
	};
	objectVersion = 55;
	objects = {

/* Begin PBXBuildFile section */
		F749BF1427C7C313005A2080 /* AppDelegate.swift in Sources */ = {isa = PBXBuildFile; fileRef = F749BF1327C7C313005A2080 /* AppDelegate.swift */; };
		F749BF1827C7C313005A2080 /* StopoverViewController.swift in Sources */ = {isa = PBXBuildFile; fileRef = F749BF1727C7C313005A2080 /* StopoverViewController.swift */; };
		F749BF1E27C7C313005A2080 /* Transport.xcdatamodeld in Sources */ = {isa = PBXBuildFile; fileRef = F749BF1C27C7C313005A2080 /* Transport.xcdatamodeld */; };
		F749BF2027C7C315005A2080 /* Assets.xcassets in Resources */ = {isa = PBXBuildFile; fileRef = F749BF1F27C7C315005A2080 /* Assets.xcassets */; };
		F749BF2327C7C315005A2080 /* LaunchScreen.storyboard in Resources */ = {isa = PBXBuildFile; fileRef = F749BF2127C7C315005A2080 /* LaunchScreen.storyboard */; };
		F749BF2B27C7C4DA005A2080 /* TableViewCell.swift in Sources */ = {isa = PBXBuildFile; fileRef = F749BF2A27C7C4DA005A2080 /* TableViewCell.swift */; };
		F749BF2E27C7C732005A2080 /* NetworkService.swift in Sources */ = {isa = PBXBuildFile; fileRef = F749BF2D27C7C732005A2080 /* NetworkService.swift */; };
		F749BF3027C7C749005A2080 /* LoadService.swift in Sources */ = {isa = PBXBuildFile; fileRef = F749BF2F27C7C749005A2080 /* LoadService.swift */; };
		F749BF3427C7C7C7005A2080 /* StopoverModel.swift in Sources */ = {isa = PBXBuildFile; fileRef = F749BF3327C7C7C7005A2080 /* StopoverModel.swift */; };
		F749BF3627C7C879005A2080 /* StopoverPresenter.swift in Sources */ = {isa = PBXBuildFile; fileRef = F749BF3527C7C879005A2080 /* StopoverPresenter.swift */; };
		F749BF3827C7CD95005A2080 /* MapViewController.swift in Sources */ = {isa = PBXBuildFile; fileRef = F749BF3727C7CD95005A2080 /* MapViewController.swift */; };
		F749BF3D27C7CE03005A2080 /* MapAssembly.swift in Sources */ = {isa = PBXBuildFile; fileRef = F749BF3C27C7CE03005A2080 /* MapAssembly.swift */; };
		F749BF3F27C7CE49005A2080 /* MapPresenter.swift in Sources */ = {isa = PBXBuildFile; fileRef = F749BF3E27C7CE49005A2080 /* MapPresenter.swift */; };
		F749BF4127C7CE56005A2080 /* TransportModel.swift in Sources */ = {isa = PBXBuildFile; fileRef = F749BF4027C7CE56005A2080 /* TransportModel.swift */; };
		F749BF4527C7DE7C005A2080 /* MKMapView + CenterLocation.swift in Sources */ = {isa = PBXBuildFile; fileRef = F749BF4427C7DE7C005A2080 /* MKMapView + CenterLocation.swift */; };
		F749BF4927C82E0E005A2080 /* CollectionViewCell.swift in Sources */ = {isa = PBXBuildFile; fileRef = F749BF4827C82E0E005A2080 /* CollectionViewCell.swift */; };
		F7E7EF8C27CA771200F9360B /* TransportInfoViewController.swift in Sources */ = {isa = PBXBuildFile; fileRef = F7E7EF8B27CA771200F9360B /* TransportInfoViewController.swift */; };
		F7E7EF9127CACA1800F9360B /* ContainerViewController.swift in Sources */ = {isa = PBXBuildFile; fileRef = F7E7EF9027CACA1800F9360B /* ContainerViewController.swift */; };
		F7E7EF9527CBFC3800F9360B /* CoreDataManager.swift in Sources */ = {isa = PBXBuildFile; fileRef = F7E7EF9427CBFC3800F9360B /* CoreDataManager.swift */; };
		F7E7EF9727CC028800F9360B /* StopoverAssembly.swift in Sources */ = {isa = PBXBuildFile; fileRef = F7E7EF9627CC028800F9360B /* StopoverAssembly.swift */; };
/* End PBXBuildFile section */

/* Begin PBXFileReference section */
		F749BF1027C7C313005A2080 /* Transport.app */ = {isa = PBXFileReference; explicitFileType = wrapper.application; includeInIndex = 0; path = Transport.app; sourceTree = BUILT_PRODUCTS_DIR; };
		F749BF1327C7C313005A2080 /* AppDelegate.swift */ = {isa = PBXFileReference; lastKnownFileType = sourcecode.swift; path = AppDelegate.swift; sourceTree = "<group>"; };
		F749BF1727C7C313005A2080 /* StopoverViewController.swift */ = {isa = PBXFileReference; lastKnownFileType = sourcecode.swift; path = StopoverViewController.swift; sourceTree = "<group>"; };
		F749BF1D27C7C313005A2080 /* Transport.xcdatamodel */ = {isa = PBXFileReference; lastKnownFileType = wrapper.xcdatamodel; path = Transport.xcdatamodel; sourceTree = "<group>"; };
		F749BF1F27C7C315005A2080 /* Assets.xcassets */ = {isa = PBXFileReference; lastKnownFileType = folder.assetcatalog; path = Assets.xcassets; sourceTree = "<group>"; };
		F749BF2227C7C315005A2080 /* Base */ = {isa = PBXFileReference; lastKnownFileType = file.storyboard; name = Base; path = Base.lproj/LaunchScreen.storyboard; sourceTree = "<group>"; };
		F749BF2427C7C315005A2080 /* Info.plist */ = {isa = PBXFileReference; lastKnownFileType = text.plist.xml; path = Info.plist; sourceTree = "<group>"; };
		F749BF2A27C7C4DA005A2080 /* TableViewCell.swift */ = {isa = PBXFileReference; lastKnownFileType = sourcecode.swift; path = TableViewCell.swift; sourceTree = "<group>"; };
		F749BF2D27C7C732005A2080 /* NetworkService.swift */ = {isa = PBXFileReference; lastKnownFileType = sourcecode.swift; path = NetworkService.swift; sourceTree = "<group>"; };
		F749BF2F27C7C749005A2080 /* LoadService.swift */ = {isa = PBXFileReference; lastKnownFileType = sourcecode.swift; path = LoadService.swift; sourceTree = "<group>"; };
		F749BF3327C7C7C7005A2080 /* StopoverModel.swift */ = {isa = PBXFileReference; lastKnownFileType = sourcecode.swift; path = StopoverModel.swift; sourceTree = "<group>"; };
		F749BF3527C7C879005A2080 /* StopoverPresenter.swift */ = {isa = PBXFileReference; lastKnownFileType = sourcecode.swift; path = StopoverPresenter.swift; sourceTree = "<group>"; };
		F749BF3727C7CD95005A2080 /* MapViewController.swift */ = {isa = PBXFileReference; lastKnownFileType = sourcecode.swift; path = MapViewController.swift; sourceTree = "<group>"; };
		F749BF3C27C7CE03005A2080 /* MapAssembly.swift */ = {isa = PBXFileReference; lastKnownFileType = sourcecode.swift; path = MapAssembly.swift; sourceTree = "<group>"; };
		F749BF3E27C7CE49005A2080 /* MapPresenter.swift */ = {isa = PBXFileReference; lastKnownFileType = sourcecode.swift; path = MapPresenter.swift; sourceTree = "<group>"; };
		F749BF4027C7CE56005A2080 /* TransportModel.swift */ = {isa = PBXFileReference; lastKnownFileType = sourcecode.swift; path = TransportModel.swift; sourceTree = "<group>"; };
		F749BF4427C7DE7C005A2080 /* MKMapView + CenterLocation.swift */ = {isa = PBXFileReference; lastKnownFileType = sourcecode.swift; path = "MKMapView + CenterLocation.swift"; sourceTree = "<group>"; };
		F749BF4827C82E0E005A2080 /* CollectionViewCell.swift */ = {isa = PBXFileReference; lastKnownFileType = sourcecode.swift; path = CollectionViewCell.swift; sourceTree = "<group>"; };
		F7E7EF8B27CA771200F9360B /* TransportInfoViewController.swift */ = {isa = PBXFileReference; lastKnownFileType = sourcecode.swift; path = TransportInfoViewController.swift; sourceTree = "<group>"; };
		F7E7EF9027CACA1800F9360B /* ContainerViewController.swift */ = {isa = PBXFileReference; lastKnownFileType = sourcecode.swift; path = ContainerViewController.swift; sourceTree = "<group>"; };
		F7E7EF9427CBFC3800F9360B /* CoreDataManager.swift */ = {isa = PBXFileReference; lastKnownFileType = sourcecode.swift; path = CoreDataManager.swift; sourceTree = "<group>"; };
		F7E7EF9627CC028800F9360B /* StopoverAssembly.swift */ = {isa = PBXFileReference; lastKnownFileType = sourcecode.swift; path = StopoverAssembly.swift; sourceTree = "<group>"; };
/* End PBXFileReference section */

/* Begin PBXFrameworksBuildPhase section */
		F749BF0D27C7C313005A2080 /* Frameworks */ = {
			isa = PBXFrameworksBuildPhase;
			buildActionMask = 2147483647;
			files = (
			);
			runOnlyForDeploymentPostprocessing = 0;
		};
/* End PBXFrameworksBuildPhase section */

/* Begin PBXGroup section */
		F749BF0727C7C313005A2080 = {
			isa = PBXGroup;
			children = (
				F749BF1227C7C313005A2080 /* Transport */,
				F749BF1127C7C313005A2080 /* Products */,
			);
			sourceTree = "<group>";
		};
		F749BF1127C7C313005A2080 /* Products */ = {
			isa = PBXGroup;
			children = (
				F749BF1027C7C313005A2080 /* Transport.app */,
			);
			name = Products;
			sourceTree = "<group>";
		};
		F749BF1227C7C313005A2080 /* Transport */ = {
			isa = PBXGroup;
			children = (
				F749BF3B27C7CDD1005A2080 /* Map */,
				F749BF3227C7C7A6005A2080 /* Network */,
				F749BF2C27C7C70E005A2080 /* Stopover */,
				F749BF1327C7C313005A2080 /* AppDelegate.swift */,
				F7E7EF9427CBFC3800F9360B /* CoreDataManager.swift */,
				F749BF1F27C7C315005A2080 /* Assets.xcassets */,
				F749BF2127C7C315005A2080 /* LaunchScreen.storyboard */,
				F749BF2427C7C315005A2080 /* Info.plist */,
				F749BF1C27C7C313005A2080 /* Transport.xcdatamodeld */,
				F749BF4427C7DE7C005A2080 /* MKMapView + CenterLocation.swift */,
			);
			path = Transport;
			sourceTree = "<group>";
		};
		F749BF2C27C7C70E005A2080 /* Stopover */ = {
			isa = PBXGroup;
			children = (
				F749BF2A27C7C4DA005A2080 /* TableViewCell.swift */,
				F749BF1727C7C313005A2080 /* StopoverViewController.swift */,
				F749BF3327C7C7C7005A2080 /* StopoverModel.swift */,
				F749BF3527C7C879005A2080 /* StopoverPresenter.swift */,
				F7E7EF9627CC028800F9360B /* StopoverAssembly.swift */,
			);
			name = Stopover;
			sourceTree = "<group>";
		};
		F749BF3227C7C7A6005A2080 /* Network */ = {
			isa = PBXGroup;
			children = (
				F749BF2F27C7C749005A2080 /* LoadService.swift */,
				F749BF2D27C7C732005A2080 /* NetworkService.swift */,
			);
			name = Network;
			sourceTree = "<group>";
		};
		F749BF3B27C7CDD1005A2080 /* Map */ = {
			isa = PBXGroup;
			children = (
				F7E7EF9027CACA1800F9360B /* ContainerViewController.swift */,
				F749BF3727C7CD95005A2080 /* MapViewController.swift */,
				F749BF3C27C7CE03005A2080 /* MapAssembly.swift */,
				F749BF3E27C7CE49005A2080 /* MapPresenter.swift */,
				F749BF4027C7CE56005A2080 /* TransportModel.swift */,
				F749BF4827C82E0E005A2080 /* CollectionViewCell.swift */,
				F7E7EF8B27CA771200F9360B /* TransportInfoViewController.swift */,
			);
			name = Map;
			sourceTree = "<group>";
		};
/* End PBXGroup section */

/* Begin PBXNativeTarget section */
		F749BF0F27C7C313005A2080 /* Transport */ = {
			isa = PBXNativeTarget;
			buildConfigurationList = F749BF2727C7C315005A2080 /* Build configuration list for PBXNativeTarget "Transport" */;
			buildPhases = (
				F749BF0C27C7C313005A2080 /* Sources */,
				F749BF0D27C7C313005A2080 /* Frameworks */,
				F749BF0E27C7C313005A2080 /* Resources */,
			);
			buildRules = (
			);
			dependencies = (
			);
			name = Transport;
			productName = Transport;
			productReference = F749BF1027C7C313005A2080 /* Transport.app */;
			productType = "com.apple.product-type.application";
		};
/* End PBXNativeTarget section */

/* Begin PBXProject section */
		F749BF0827C7C313005A2080 /* Project object */ = {
			isa = PBXProject;
			attributes = {
				BuildIndependentTargetsInParallel = 1;
				LastSwiftUpdateCheck = 1320;
				LastUpgradeCheck = 1320;
				TargetAttributes = {
					F749BF0F27C7C313005A2080 = {
						CreatedOnToolsVersion = 13.2.1;
					};
				};
			};
			buildConfigurationList = F749BF0B27C7C313005A2080 /* Build configuration list for PBXProject "Transport" */;
			compatibilityVersion = "Xcode 13.0";
			developmentRegion = en;
			hasScannedForEncodings = 0;
			knownRegions = (
				en,
				Base,
			);
			mainGroup = F749BF0727C7C313005A2080;
			productRefGroup = F749BF1127C7C313005A2080 /* Products */;
			projectDirPath = "";
			projectRoot = "";
			targets = (
				F749BF0F27C7C313005A2080 /* Transport */,
			);
		};
/* End PBXProject section */

/* Begin PBXResourcesBuildPhase section */
		F749BF0E27C7C313005A2080 /* Resources */ = {
			isa = PBXResourcesBuildPhase;
			buildActionMask = 2147483647;
			files = (
				F749BF2327C7C315005A2080 /* LaunchScreen.storyboard in Resources */,
				F749BF2027C7C315005A2080 /* Assets.xcassets in Resources */,
			);
			runOnlyForDeploymentPostprocessing = 0;
		};
/* End PBXResourcesBuildPhase section */

/* Begin PBXSourcesBuildPhase section */
		F749BF0C27C7C313005A2080 /* Sources */ = {
			isa = PBXSourcesBuildPhase;
			buildActionMask = 2147483647;
			files = (
				F749BF4527C7DE7C005A2080 /* MKMapView + CenterLocation.swift in Sources */,
				F749BF4127C7CE56005A2080 /* TransportModel.swift in Sources */,
				F749BF3427C7C7C7005A2080 /* StopoverModel.swift in Sources */,
				F749BF3D27C7CE03005A2080 /* MapAssembly.swift in Sources */,
				F7E7EF8C27CA771200F9360B /* TransportInfoViewController.swift in Sources */,
				F7E7EF9527CBFC3800F9360B /* CoreDataManager.swift in Sources */,
				F749BF2E27C7C732005A2080 /* NetworkService.swift in Sources */,
				F749BF4927C82E0E005A2080 /* CollectionViewCell.swift in Sources */,
				F7E7EF9727CC028800F9360B /* StopoverAssembly.swift in Sources */,
				F749BF3827C7CD95005A2080 /* MapViewController.swift in Sources */,
				F749BF3027C7C749005A2080 /* LoadService.swift in Sources */,
				F749BF3F27C7CE49005A2080 /* MapPresenter.swift in Sources */,
				F749BF1827C7C313005A2080 /* StopoverViewController.swift in Sources */,
				F749BF3627C7C879005A2080 /* StopoverPresenter.swift in Sources */,
				F7E7EF9127CACA1800F9360B /* ContainerViewController.swift in Sources */,
				F749BF2B27C7C4DA005A2080 /* TableViewCell.swift in Sources */,
				F749BF1427C7C313005A2080 /* AppDelegate.swift in Sources */,
				F749BF1E27C7C313005A2080 /* Transport.xcdatamodeld in Sources */,
			);
			runOnlyForDeploymentPostprocessing = 0;
		};
/* End PBXSourcesBuildPhase section */

/* Begin PBXVariantGroup section */
		F749BF2127C7C315005A2080 /* LaunchScreen.storyboard */ = {
			isa = PBXVariantGroup;
			children = (
				F749BF2227C7C315005A2080 /* Base */,
			);
			name = LaunchScreen.storyboard;
			sourceTree = "<group>";
		};
/* End PBXVariantGroup section */

/* Begin XCBuildConfiguration section */
		F749BF2527C7C315005A2080 /* Debug */ = {
			isa = XCBuildConfiguration;
			buildSettings = {
				ALWAYS_SEARCH_USER_PATHS = NO;
				CLANG_ANALYZER_NONNULL = YES;
				CLANG_ANALYZER_NUMBER_OBJECT_CONVERSION = YES_AGGRESSIVE;
				CLANG_CXX_LANGUAGE_STANDARD = "gnu++17";
				CLANG_CXX_LIBRARY = "libc++";
				CLANG_ENABLE_MODULES = YES;
				CLANG_ENABLE_OBJC_ARC = YES;
				CLANG_ENABLE_OBJC_WEAK = YES;
				CLANG_WARN_BLOCK_CAPTURE_AUTORELEASING = YES;
				CLANG_WARN_BOOL_CONVERSION = YES;
				CLANG_WARN_COMMA = YES;
				CLANG_WARN_CONSTANT_CONVERSION = YES;
				CLANG_WARN_DEPRECATED_OBJC_IMPLEMENTATIONS = YES;
				CLANG_WARN_DIRECT_OBJC_ISA_USAGE = YES_ERROR;
				CLANG_WARN_DOCUMENTATION_COMMENTS = YES;
				CLANG_WARN_EMPTY_BODY = YES;
				CLANG_WARN_ENUM_CONVERSION = YES;
				CLANG_WARN_INFINITE_RECURSION = YES;
				CLANG_WARN_INT_CONVERSION = YES;
				CLANG_WARN_NON_LITERAL_NULL_CONVERSION = YES;
				CLANG_WARN_OBJC_IMPLICIT_RETAIN_SELF = YES;
				CLANG_WARN_OBJC_LITERAL_CONVERSION = YES;
				CLANG_WARN_OBJC_ROOT_CLASS = YES_ERROR;
				CLANG_WARN_QUOTED_INCLUDE_IN_FRAMEWORK_HEADER = YES;
				CLANG_WARN_RANGE_LOOP_ANALYSIS = YES;
				CLANG_WARN_STRICT_PROTOTYPES = YES;
				CLANG_WARN_SUSPICIOUS_MOVE = YES;
				CLANG_WARN_UNGUARDED_AVAILABILITY = YES_AGGRESSIVE;
				CLANG_WARN_UNREACHABLE_CODE = YES;
				CLANG_WARN__DUPLICATE_METHOD_MATCH = YES;
				COPY_PHASE_STRIP = NO;
				DEBUG_INFORMATION_FORMAT = dwarf;
				ENABLE_STRICT_OBJC_MSGSEND = YES;
				ENABLE_TESTABILITY = YES;
				GCC_C_LANGUAGE_STANDARD = gnu11;
				GCC_DYNAMIC_NO_PIC = NO;
				GCC_NO_COMMON_BLOCKS = YES;
				GCC_OPTIMIZATION_LEVEL = 0;
				GCC_PREPROCESSOR_DEFINITIONS = (
					"DEBUG=1",
					"$(inherited)",
				);
				GCC_WARN_64_TO_32_BIT_CONVERSION = YES;
				GCC_WARN_ABOUT_RETURN_TYPE = YES_ERROR;
				GCC_WARN_UNDECLARED_SELECTOR = YES;
				GCC_WARN_UNINITIALIZED_AUTOS = YES_AGGRESSIVE;
				GCC_WARN_UNUSED_FUNCTION = YES;
				GCC_WARN_UNUSED_VARIABLE = YES;
				IPHONEOS_DEPLOYMENT_TARGET = 15.2;
				MTL_ENABLE_DEBUG_INFO = INCLUDE_SOURCE;
				MTL_FAST_MATH = YES;
				ONLY_ACTIVE_ARCH = YES;
				SDKROOT = iphoneos;
				SWIFT_ACTIVE_COMPILATION_CONDITIONS = DEBUG;
				SWIFT_OPTIMIZATION_LEVEL = "-Onone";
			};
			name = Debug;
		};
		F749BF2627C7C315005A2080 /* Release */ = {
			isa = XCBuildConfiguration;
			buildSettings = {
				ALWAYS_SEARCH_USER_PATHS = NO;
				CLANG_ANALYZER_NONNULL = YES;
				CLANG_ANALYZER_NUMBER_OBJECT_CONVERSION = YES_AGGRESSIVE;
				CLANG_CXX_LANGUAGE_STANDARD = "gnu++17";
				CLANG_CXX_LIBRARY = "libc++";
				CLANG_ENABLE_MODULES = YES;
				CLANG_ENABLE_OBJC_ARC = YES;
				CLANG_ENABLE_OBJC_WEAK = YES;
				CLANG_WARN_BLOCK_CAPTURE_AUTORELEASING = YES;
				CLANG_WARN_BOOL_CONVERSION = YES;
				CLANG_WARN_COMMA = YES;
				CLANG_WARN_CONSTANT_CONVERSION = YES;
				CLANG_WARN_DEPRECATED_OBJC_IMPLEMENTATIONS = YES;
				CLANG_WARN_DIRECT_OBJC_ISA_USAGE = YES_ERROR;
				CLANG_WARN_DOCUMENTATION_COMMENTS = YES;
				CLANG_WARN_EMPTY_BODY = YES;
				CLANG_WARN_ENUM_CONVERSION = YES;
				CLANG_WARN_INFINITE_RECURSION = YES;
				CLANG_WARN_INT_CONVERSION = YES;
				CLANG_WARN_NON_LITERAL_NULL_CONVERSION = YES;
				CLANG_WARN_OBJC_IMPLICIT_RETAIN_SELF = YES;
				CLANG_WARN_OBJC_LITERAL_CONVERSION = YES;
				CLANG_WARN_OBJC_ROOT_CLASS = YES_ERROR;
				CLANG_WARN_QUOTED_INCLUDE_IN_FRAMEWORK_HEADER = YES;
				CLANG_WARN_RANGE_LOOP_ANALYSIS = YES;
				CLANG_WARN_STRICT_PROTOTYPES = YES;
				CLANG_WARN_SUSPICIOUS_MOVE = YES;
				CLANG_WARN_UNGUARDED_AVAILABILITY = YES_AGGRESSIVE;
				CLANG_WARN_UNREACHABLE_CODE = YES;
				CLANG_WARN__DUPLICATE_METHOD_MATCH = YES;
				COPY_PHASE_STRIP = NO;
				DEBUG_INFORMATION_FORMAT = "dwarf-with-dsym";
				ENABLE_NS_ASSERTIONS = NO;
				ENABLE_STRICT_OBJC_MSGSEND = YES;
				GCC_C_LANGUAGE_STANDARD = gnu11;
				GCC_NO_COMMON_BLOCKS = YES;
				GCC_WARN_64_TO_32_BIT_CONVERSION = YES;
				GCC_WARN_ABOUT_RETURN_TYPE = YES_ERROR;
				GCC_WARN_UNDECLARED_SELECTOR = YES;
				GCC_WARN_UNINITIALIZED_AUTOS = YES_AGGRESSIVE;
				GCC_WARN_UNUSED_FUNCTION = YES;
				GCC_WARN_UNUSED_VARIABLE = YES;
				IPHONEOS_DEPLOYMENT_TARGET = 15.2;
				MTL_ENABLE_DEBUG_INFO = NO;
				MTL_FAST_MATH = YES;
				SDKROOT = iphoneos;
				SWIFT_COMPILATION_MODE = wholemodule;
				SWIFT_OPTIMIZATION_LEVEL = "-O";
				VALIDATE_PRODUCT = YES;
			};
			name = Release;
		};
		F749BF2827C7C315005A2080 /* Debug */ = {
			isa = XCBuildConfiguration;
			buildSettings = {
				ASSETCATALOG_COMPILER_APPICON_NAME = AppIcon;
				ASSETCATALOG_COMPILER_GLOBAL_ACCENT_COLOR_NAME = AccentColor;
				CODE_SIGN_STYLE = Automatic;
				CURRENT_PROJECT_VERSION = 1;
				DEVELOPMENT_TEAM = KZ8ZM2S86P;
				GENERATE_INFOPLIST_FILE = YES;
				INFOPLIST_FILE = Transport/Info.plist;
				INFOPLIST_KEY_UIApplicationSupportsIndirectInputEvents = YES;
				INFOPLIST_KEY_UILaunchStoryboardName = LaunchScreen;
				INFOPLIST_KEY_UISupportedInterfaceOrientations_iPad = "UIInterfaceOrientationPortrait UIInterfaceOrientationPortraitUpsideDown UIInterfaceOrientationLandscapeLeft UIInterfaceOrientationLandscapeRight";
				INFOPLIST_KEY_UISupportedInterfaceOrientations_iPhone = "UIInterfaceOrientationPortrait UIInterfaceOrientationLandscapeLeft UIInterfaceOrientationLandscapeRight";
				LD_RUNPATH_SEARCH_PATHS = (
					"$(inherited)",
					"@executable_path/Frameworks",
				);
				MARKETING_VERSION = 1.0;
				PRODUCT_BUNDLE_IDENTIFIER = alena.Transport;
				PRODUCT_NAME = "$(TARGET_NAME)";
				SWIFT_EMIT_LOC_STRINGS = YES;
				SWIFT_VERSION = 5.0;
				TARGETED_DEVICE_FAMILY = "1,2";
			};
			name = Debug;
		};
		F749BF2927C7C315005A2080 /* Release */ = {
			isa = XCBuildConfiguration;
			buildSettings = {
				ASSETCATALOG_COMPILER_APPICON_NAME = AppIcon;
				ASSETCATALOG_COMPILER_GLOBAL_ACCENT_COLOR_NAME = AccentColor;
				CODE_SIGN_STYLE = Automatic;
				CURRENT_PROJECT_VERSION = 1;
				DEVELOPMENT_TEAM = KZ8ZM2S86P;
				GENERATE_INFOPLIST_FILE = YES;
				INFOPLIST_FILE = Transport/Info.plist;
				INFOPLIST_KEY_UIApplicationSupportsIndirectInputEvents = YES;
				INFOPLIST_KEY_UILaunchStoryboardName = LaunchScreen;
				INFOPLIST_KEY_UISupportedInterfaceOrientations_iPad = "UIInterfaceOrientationPortrait UIInterfaceOrientationPortraitUpsideDown UIInterfaceOrientationLandscapeLeft UIInterfaceOrientationLandscapeRight";
				INFOPLIST_KEY_UISupportedInterfaceOrientations_iPhone = "UIInterfaceOrientationPortrait UIInterfaceOrientationLandscapeLeft UIInterfaceOrientationLandscapeRight";
				LD_RUNPATH_SEARCH_PATHS = (
					"$(inherited)",
					"@executable_path/Frameworks",
				);
				MARKETING_VERSION = 1.0;
				PRODUCT_BUNDLE_IDENTIFIER = alena.Transport;
				PRODUCT_NAME = "$(TARGET_NAME)";
				SWIFT_EMIT_LOC_STRINGS = YES;
				SWIFT_VERSION = 5.0;
				TARGETED_DEVICE_FAMILY = "1,2";
			};
			name = Release;
		};
/* End XCBuildConfiguration section */

/* Begin XCConfigurationList section */
		F749BF0B27C7C313005A2080 /* Build configuration list for PBXProject "Transport" */ = {
			isa = XCConfigurationList;
			buildConfigurations = (
				F749BF2527C7C315005A2080 /* Debug */,
				F749BF2627C7C315005A2080 /* Release */,
			);
			defaultConfigurationIsVisible = 0;
			defaultConfigurationName = Release;
		};
		F749BF2727C7C315005A2080 /* Build configuration list for PBXNativeTarget "Transport" */ = {
			isa = XCConfigurationList;
			buildConfigurations = (
				F749BF2827C7C315005A2080 /* Debug */,
				F749BF2927C7C315005A2080 /* Release */,
			);
			defaultConfigurationIsVisible = 0;
			defaultConfigurationName = Release;
		};
/* End XCConfigurationList section */

/* Begin XCVersionGroup section */
		F749BF1C27C7C313005A2080 /* Transport.xcdatamodeld */ = {
			isa = XCVersionGroup;
			children = (
				F749BF1D27C7C313005A2080 /* Transport.xcdatamodel */,
			);
			currentVersion = F749BF1D27C7C313005A2080 /* Transport.xcdatamodel */;
			path = Transport.xcdatamodeld;
			sourceTree = "<group>";
			versionGroupType = wrapper.xcdatamodel;
		};
/* End XCVersionGroup section */
	};
	rootObject = F749BF0827C7C313005A2080 /* Project object */;
}
